
Microsoft Visual Studio Solution File, Format Version 12.00
# Visual Studio Version 16
VisualStudioVersion = 16.0.30517.126
MinimumVisualStudioVersion = 10.0.40219.1
Project("{8BC9CEB8-8B4A-11D0-8D11-00A0C91BC942}") = "DesignPaternPractice", "DesignPaternPractice\DesignPaternPractice.vcxproj", "{79F92AB8-C257-40BA-8605-87714F511658}"
EndProject
Project("{8BC9CEB8-8B4A-11D0-8D11-00A0C91BC942}") = "Iterator", "Iterator\Iterator.vcxproj", "{594DFCB4-D585-42AA-AC0F-01B14BBD889C}"
EndProject
Project("{8BC9CEB8-8B4A-11D0-8D11-00A0C91BC942}") = "Adapter", "Adapter\Adapter.vcxproj", "{B8C10C85-3ABB-4B7D-A22E-2179347D9974}"
EndProject
Project("{8BC9CEB8-8B4A-11D0-8D11-00A0C91BC942}") = "TemplateMethod", "TemplateMethod\TemplateMethod.vcxproj", "{C77F1652-49CE-4219-BB56-6AAE8968A975}"
EndProject
Project("{8BC9CEB8-8B4A-11D0-8D11-00A0C91BC942}") = "FactoryMethod", "FactoryMethod\FactoryMethod.vcxproj", "{3A93764D-8026-476E-AF30-82073C593C39}"
EndProject
Project("{8BC9CEB8-8B4A-11D0-8D11-00A0C91BC942}") = "Singleton", "Singleton\Singleton.vcxproj", "{55A87D7E-2874-4988-BB39-F88D8492665A}"
EndProject
Project("{8BC9CEB8-8B4A-11D0-8D11-00A0C91BC942}") = "Prototype", "Prototype\Prototype.vcxproj", "{BD679DE7-45AE-4F32-A8BA-2DB2843B1654}"
EndProject
Project("{8BC9CEB8-8B4A-11D0-8D11-00A0C91BC942}") = "Builder", "Builder\Builder.vcxproj", "{ED1464A6-3048-4A48-9054-71BCCB89DFC7}"
EndProject
Project("{8BC9CEB8-8B4A-11D0-8D11-00A0C91BC942}") = "AbstractFactory", "AbstractFactory\AbstractFactory.vcxproj", "{03DCDA0E-56C6-4D0A-8EC0-D478FFF278CB}"
EndProject
Project("{8BC9CEB8-8B4A-11D0-8D11-00A0C91BC942}") = "Bridge", "Bridge\Bridge.vcxproj", "{35306F99-CD00-4F3B-A9A7-EC34C2C5F3A0}"
EndProject
Project("{8BC9CEB8-8B4A-11D0-8D11-00A0C91BC942}") = "Strategy", "Strategy\Strategy.vcxproj", "{117FE8F0-7D0B-4D2F-B029-372F839E9051}"
EndProject
Project("{8BC9CEB8-8B4A-11D0-8D11-00A0C91BC942}") = "Composite", "Composite\Composite.vcxproj", "{289135CF-D375-47B8-A4FE-DE88AA1FBF2B}"
EndProject
Project("{8BC9CEB8-8B4A-11D0-8D11-00A0C91BC942}") = "Decorator", "Decorator\Decorator.vcxproj", "{23384427-7D95-42FD-A838-33B3F1563069}"
EndProject
Project("{8BC9CEB8-8B4A-11D0-8D11-00A0C91BC942}") = "Visitor", "Visitor\Visitor.vcxproj", "{48AA47D9-4F6A-475A-960B-4C51775DB7AF}"
EndProject
Global
	GlobalSection(SolutionConfigurationPlatforms) = preSolution
		Debug|x64 = Debug|x64
		Debug|x86 = Debug|x86
		Release|x64 = Release|x64
		Release|x86 = Release|x86
	EndGlobalSection
	GlobalSection(ProjectConfigurationPlatforms) = postSolution
		{79F92AB8-C257-40BA-8605-87714F511658}.Debug|x64.ActiveCfg = Debug|x64
		{79F92AB8-C257-40BA-8605-87714F511658}.Debug|x64.Build.0 = Debug|x64
		{79F92AB8-C257-40BA-8605-87714F511658}.Debug|x86.ActiveCfg = Debug|Win32
		{79F92AB8-C257-40BA-8605-87714F511658}.Debug|x86.Build.0 = Debug|Win32
		{79F92AB8-C257-40BA-8605-87714F511658}.Release|x64.ActiveCfg = Release|x64
		{79F92AB8-C257-40BA-8605-87714F511658}.Release|x64.Build.0 = Release|x64
		{79F92AB8-C257-40BA-8605-87714F511658}.Release|x86.ActiveCfg = Release|Win32
		{79F92AB8-C257-40BA-8605-87714F511658}.Release|x86.Build.0 = Release|Win32
		{594DFCB4-D585-42AA-AC0F-01B14BBD889C}.Debug|x64.ActiveCfg = Debug|x64
		{594DFCB4-D585-42AA-AC0F-01B14BBD889C}.Debug|x64.Build.0 = Debug|x64
		{594DFCB4-D585-42AA-AC0F-01B14BBD889C}.Debug|x86.ActiveCfg = Debug|Win32
		{594DFCB4-D585-42AA-AC0F-01B14BBD889C}.Debug|x86.Build.0 = Debug|Win32
		{594DFCB4-D585-42AA-AC0F-01B14BBD889C}.Release|x64.ActiveCfg = Release|x64
		{594DFCB4-D585-42AA-AC0F-01B14BBD889C}.Release|x64.Build.0 = Release|x64
		{594DFCB4-D585-42AA-AC0F-01B14BBD889C}.Release|x86.ActiveCfg = Release|Win32
		{594DFCB4-D585-42AA-AC0F-01B14BBD889C}.Release|x86.Build.0 = Release|Win32
		{B8C10C85-3ABB-4B7D-A22E-2179347D9974}.Debug|x64.ActiveCfg = Debug|x64
		{B8C10C85-3ABB-4B7D-A22E-2179347D9974}.Debug|x64.Build.0 = Debug|x64
		{B8C10C85-3ABB-4B7D-A22E-2179347D9974}.Debug|x86.ActiveCfg = Debug|Win32
		{B8C10C85-3ABB-4B7D-A22E-2179347D9974}.Debug|x86.Build.0 = Debug|Win32
		{B8C10C85-3ABB-4B7D-A22E-2179347D9974}.Release|x64.ActiveCfg = Release|x64
		{B8C10C85-3ABB-4B7D-A22E-2179347D9974}.Release|x64.Build.0 = Release|x64
		{B8C10C85-3ABB-4B7D-A22E-2179347D9974}.Release|x86.ActiveCfg = Release|Win32
		{B8C10C85-3ABB-4B7D-A22E-2179347D9974}.Release|x86.Build.0 = Release|Win32
		{C77F1652-49CE-4219-BB56-6AAE8968A975}.Debug|x64.ActiveCfg = Debug|x64
		{C77F1652-49CE-4219-BB56-6AAE8968A975}.Debug|x64.Build.0 = Debug|x64
		{C77F1652-49CE-4219-BB56-6AAE8968A975}.Debug|x86.ActiveCfg = Debug|Win32
		{C77F1652-49CE-4219-BB56-6AAE8968A975}.Debug|x86.Build.0 = Debug|Win32
		{C77F1652-49CE-4219-BB56-6AAE8968A975}.Release|x64.ActiveCfg = Release|x64
		{C77F1652-49CE-4219-BB56-6AAE8968A975}.Release|x64.Build.0 = Release|x64
		{C77F1652-49CE-4219-BB56-6AAE8968A975}.Release|x86.ActiveCfg = Release|Win32
		{C77F1652-49CE-4219-BB56-6AAE8968A975}.Release|x86.Build.0 = Release|Win32
		{3A93764D-8026-476E-AF30-82073C593C39}.Debug|x64.ActiveCfg = Debug|x64
		{3A93764D-8026-476E-AF30-82073C593C39}.Debug|x64.Build.0 = Debug|x64
		{3A93764D-8026-476E-AF30-82073C593C39}.Debug|x86.ActiveCfg = Debug|Win32
		{3A93764D-8026-476E-AF30-82073C593C39}.Debug|x86.Build.0 = Debug|Win32
		{3A93764D-8026-476E-AF30-82073C593C39}.Release|x64.ActiveCfg = Release|x64
		{3A93764D-8026-476E-AF30-82073C593C39}.Release|x64.Build.0 = Release|x64
		{3A93764D-8026-476E-AF30-82073C593C39}.Release|x86.ActiveCfg = Release|Win32
		{3A93764D-8026-476E-AF30-82073C593C39}.Release|x86.Build.0 = Release|Win32
		{55A87D7E-2874-4988-BB39-F88D8492665A}.Debug|x64.ActiveCfg = Debug|x64
		{55A87D7E-2874-4988-BB39-F88D8492665A}.Debug|x64.Build.0 = Debug|x64
		{55A87D7E-2874-4988-BB39-F88D8492665A}.Debug|x86.ActiveCfg = Debug|Win32
		{55A87D7E-2874-4988-BB39-F88D8492665A}.Debug|x86.Build.0 = Debug|Win32
		{55A87D7E-2874-4988-BB39-F88D8492665A}.Release|x64.ActiveCfg = Release|x64
		{55A87D7E-2874-4988-BB39-F88D8492665A}.Release|x64.Build.0 = Release|x64
		{55A87D7E-2874-4988-BB39-F88D8492665A}.Release|x86.ActiveCfg = Release|Win32
		{55A87D7E-2874-4988-BB39-F88D8492665A}.Release|x86.Build.0 = Release|Win32
		{BD679DE7-45AE-4F32-A8BA-2DB2843B1654}.Debug|x64.ActiveCfg = Debug|x64
		{BD679DE7-45AE-4F32-A8BA-2DB2843B1654}.Debug|x64.Build.0 = Debug|x64
		{BD679DE7-45AE-4F32-A8BA-2DB2843B1654}.Debug|x86.ActiveCfg = Debug|Win32
		{BD679DE7-45AE-4F32-A8BA-2DB2843B1654}.Debug|x86.Build.0 = Debug|Win32
		{BD679DE7-45AE-4F32-A8BA-2DB2843B1654}.Release|x64.ActiveCfg = Release|x64
		{BD679DE7-45AE-4F32-A8BA-2DB2843B1654}.Release|x64.Build.0 = Release|x64
		{BD679DE7-45AE-4F32-A8BA-2DB2843B1654}.Release|x86.ActiveCfg = Release|Win32
		{BD679DE7-45AE-4F32-A8BA-2DB2843B1654}.Release|x86.Build.0 = Release|Win32
		{ED1464A6-3048-4A48-9054-71BCCB89DFC7}.Debug|x64.ActiveCfg = Debug|x64
		{ED1464A6-3048-4A48-9054-71BCCB89DFC7}.Debug|x64.Build.0 = Debug|x64
		{ED1464A6-3048-4A48-9054-71BCCB89DFC7}.Debug|x86.ActiveCfg = Debug|Win32
		{ED1464A6-3048-4A48-9054-71BCCB89DFC7}.Debug|x86.Build.0 = Debug|Win32
		{ED1464A6-3048-4A48-9054-71BCCB89DFC7}.Release|x64.ActiveCfg = Release|x64
		{ED1464A6-3048-4A48-9054-71BCCB89DFC7}.Release|x64.Build.0 = Release|x64
		{ED1464A6-3048-4A48-9054-71BCCB89DFC7}.Release|x86.ActiveCfg = Release|Win32
		{ED1464A6-3048-4A48-9054-71BCCB89DFC7}.Release|x86.Build.0 = Release|Win32
		{03DCDA0E-56C6-4D0A-8EC0-D478FFF278CB}.Debug|x64.ActiveCfg = Debug|x64
		{03DCDA0E-56C6-4D0A-8EC0-D478FFF278CB}.Debug|x64.Build.0 = Debug|x64
		{03DCDA0E-56C6-4D0A-8EC0-D478FFF278CB}.Debug|x86.ActiveCfg = Debug|Win32
		{03DCDA0E-56C6-4D0A-8EC0-D478FFF278CB}.Debug|x86.Build.0 = Debug|Win32
		{03DCDA0E-56C6-4D0A-8EC0-D478FFF278CB}.Release|x64.ActiveCfg = Release|x64
		{03DCDA0E-56C6-4D0A-8EC0-D478FFF278CB}.Release|x64.Build.0 = Release|x64
		{03DCDA0E-56C6-4D0A-8EC0-D478FFF278CB}.Release|x86.ActiveCfg = Release|Win32
		{03DCDA0E-56C6-4D0A-8EC0-D478FFF278CB}.Release|x86.Build.0 = Release|Win32
		{35306F99-CD00-4F3B-A9A7-EC34C2C5F3A0}.Debug|x64.ActiveCfg = Debug|x64
		{35306F99-CD00-4F3B-A9A7-EC34C2C5F3A0}.Debug|x64.Build.0 = Debug|x64
		{35306F99-CD00-4F3B-A9A7-EC34C2C5F3A0}.Debug|x86.ActiveCfg = Debug|Win32
		{35306F99-CD00-4F3B-A9A7-EC34C2C5F3A0}.Debug|x86.Build.0 = Debug|Win32
		{35306F99-CD00-4F3B-A9A7-EC34C2C5F3A0}.Release|x64.ActiveCfg = Release|x64
		{35306F99-CD00-4F3B-A9A7-EC34C2C5F3A0}.Release|x64.Build.0 = Release|x64
		{35306F99-CD00-4F3B-A9A7-EC34C2C5F3A0}.Release|x86.ActiveCfg = Release|Win32
		{35306F99-CD00-4F3B-A9A7-EC34C2C5F3A0}.Release|x86.Build.0 = Release|Win32
		{117FE8F0-7D0B-4D2F-B029-372F839E9051}.Debug|x64.ActiveCfg = Debug|x64
		{117FE8F0-7D0B-4D2F-B029-372F839E9051}.Debug|x64.Build.0 = Debug|x64
		{117FE8F0-7D0B-4D2F-B029-372F839E9051}.Debug|x86.ActiveCfg = Debug|Win32
		{117FE8F0-7D0B-4D2F-B029-372F839E9051}.Debug|x86.Build.0 = Debug|Win32
		{117FE8F0-7D0B-4D2F-B029-372F839E9051}.Release|x64.ActiveCfg = Release|x64
		{117FE8F0-7D0B-4D2F-B029-372F839E9051}.Release|x64.Build.0 = Release|x64
		{117FE8F0-7D0B-4D2F-B029-372F839E9051}.Release|x86.ActiveCfg = Release|Win32
		{117FE8F0-7D0B-4D2F-B029-372F839E9051}.Release|x86.Build.0 = Release|Win32
		{289135CF-D375-47B8-A4FE-DE88AA1FBF2B}.Debug|x64.ActiveCfg = Debug|x64
		{289135CF-D375-47B8-A4FE-DE88AA1FBF2B}.Debug|x64.Build.0 = Debug|x64
		{289135CF-D375-47B8-A4FE-DE88AA1FBF2B}.Debug|x86.ActiveCfg = Debug|Win32
		{289135CF-D375-47B8-A4FE-DE88AA1FBF2B}.Debug|x86.Build.0 = Debug|Win32
		{289135CF-D375-47B8-A4FE-DE88AA1FBF2B}.Release|x64.ActiveCfg = Release|x64
		{289135CF-D375-47B8-A4FE-DE88AA1FBF2B}.Release|x64.Build.0 = Release|x64
		{289135CF-D375-47B8-A4FE-DE88AA1FBF2B}.Release|x86.ActiveCfg = Release|Win32
		{289135CF-D375-47B8-A4FE-DE88AA1FBF2B}.Release|x86.Build.0 = Release|Win32
		{23384427-7D95-42FD-A838-33B3F1563069}.Debug|x64.ActiveCfg = Debug|x64
		{23384427-7D95-42FD-A838-33B3F1563069}.Debug|x64.Build.0 = Debug|x64
		{23384427-7D95-42FD-A838-33B3F1563069}.Debug|x86.ActiveCfg = Debug|Win32
		{23384427-7D95-42FD-A838-33B3F1563069}.Debug|x86.Build.0 = Debug|Win32
		{23384427-7D95-42FD-A838-33B3F1563069}.Release|x64.ActiveCfg = Release|x64
		{23384427-7D95-42FD-A838-33B3F1563069}.Release|x64.Build.0 = Release|x64
		{23384427-7D95-42FD-A838-33B3F1563069}.Release|x86.ActiveCfg = Release|Win32
		{23384427-7D95-42FD-A838-33B3F1563069}.Release|x86.Build.0 = Release|Win32
		{48AA47D9-4F6A-475A-960B-4C51775DB7AF}.Debug|x64.ActiveCfg = Debug|x64
		{48AA47D9-4F6A-475A-960B-4C51775DB7AF}.Debug|x64.Build.0 = Debug|x64
		{48AA47D9-4F6A-475A-960B-4C51775DB7AF}.Debug|x86.ActiveCfg = Debug|Win32
		{48AA47D9-4F6A-475A-960B-4C51775DB7AF}.Debug|x86.Build.0 = Debug|Win32
		{48AA47D9-4F6A-475A-960B-4C51775DB7AF}.Release|x64.ActiveCfg = Release|x64
		{48AA47D9-4F6A-475A-960B-4C51775DB7AF}.Release|x64.Build.0 = Release|x64
		{48AA47D9-4F6A-475A-960B-4C51775DB7AF}.Release|x86.ActiveCfg = Release|Win32
		{48AA47D9-4F6A-475A-960B-4C51775DB7AF}.Release|x86.Build.0 = Release|Win32
	EndGlobalSection
	GlobalSection(SolutionProperties) = preSolution
		HideSolutionNode = FALSE
	EndGlobalSection
	GlobalSection(ExtensibilityGlobals) = postSolution
		SolutionGuid = {90D5E436-BE30-48A7-BC82-C494A0C49DC7}
	EndGlobalSection
EndGlobal
