<?xml version="1.0" encoding="utf-8"?>
<Project ToolsVersion="4.0" xmlns="http://schemas.microsoft.com/developer/msbuild/2003">
  <ItemGroup>
    <ClCompile Include="main.cpp" />
    <ClCompile Include="AccessTime.cpp">
      <Filter>生ポインタとのアクセス時間の差</Filter>
    </ClCompile>
    <ClCompile Include="ReturnUnique.cpp">
      <Filter>所有権ごと返す</Filter>
    </ClCompile>
    <ClCompile Include="ReleaseTest.cpp">
      <Filter>解法の確認</Filter>
    </ClCompile>
  </ItemGroup>
  <ItemGroup>
    <Filter Include="生ポインタとのアクセス時間の差">
      <UniqueIdentifier>{642e111b-0178-4fab-bb70-bdba036af462}</UniqueIdentifier>
    </Filter>
    <Filter Include="所有権ごと返す">
      <UniqueIdentifier>{1215efde-7b38-463c-909a-db50f87cad10}</UniqueIdentifier>
    </Filter>
    <Filter Include="解法の確認">
      <UniqueIdentifier>{5793b905-c62d-41ca-8f72-710d5f209bd3}</UniqueIdentifier>
    </Filter>
  </ItemGroup>
  <ItemGroup>
    <ClInclude Include="AccessTime.h">
      <Filter>生ポインタとのアクセス時間の差</Filter>
    </ClInclude>
    <ClInclude Include="ReturnUnique.h">
      <Filter>所有権ごと返す</Filter>
    </ClInclude>
    <ClInclude Include="ReleaseTest.h">
      <Filter>解法の確認</Filter>
    </ClInclude>
  </ItemGroup>
</Project>