
Microsoft Visual Studio Solution File, Format Version 12.00
# Visual Studio Version 16
VisualStudioVersion = 16.0.31005.135
MinimumVisualStudioVersion = 10.0.40219.1
Project("{8BC9CEB8-8B4A-11D0-8D11-00A0C91BC942}") = "String", "String\String.vcxproj", "{61DF4146-B8AF-470E-A270-738B31B52DCC}"
EndProject
Project("{8BC9CEB8-8B4A-11D0-8D11-00A0C91BC942}") = "Template", "Template\Template.vcxproj", "{FCB56B36-60A6-4D27-B59C-9414C22104C3}"
EndProject
Project("{8BC9CEB8-8B4A-11D0-8D11-00A0C91BC942}") = "Thread", "Thread\Thread.vcxproj", "{BBB2C842-08C5-440E-88D4-4AFA5254B05C}"
EndProject
Project("{8BC9CEB8-8B4A-11D0-8D11-00A0C91BC942}") = "Error", "Error\Error.vcxproj", "{300317C1-EA6B-4CFB-A05B-C5EB18F55F92}"
EndProject
Project("{8BC9CEB8-8B4A-11D0-8D11-00A0C91BC942}") = "Class", "Class\Class.vcxproj", "{D926B4A0-6D8B-4ADE-8EB1-3AFB28C2CFF8}"
EndProject
Project("{8BC9CEB8-8B4A-11D0-8D11-00A0C91BC942}") = "SmartPointer", "SmartPointer\SmartPointer.vcxproj", "{30171AB4-A26C-4199-8684-34E72EF6B8A8}"
EndProject
Project("{8BC9CEB8-8B4A-11D0-8D11-00A0C91BC942}") = "Filesystem", "Filesystem\Filesystem.vcxproj", "{4A16B376-8052-4EFE-A0AA-FB7DF334A21D}"
EndProject
Global
	GlobalSection(SolutionConfigurationPlatforms) = preSolution
		Debug|x64 = Debug|x64
		Debug|x86 = Debug|x86
		Release|x64 = Release|x64
		Release|x86 = Release|x86
	EndGlobalSection
	GlobalSection(ProjectConfigurationPlatforms) = postSolution
		{61DF4146-B8AF-470E-A270-738B31B52DCC}.Debug|x64.ActiveCfg = Debug|x64
		{61DF4146-B8AF-470E-A270-738B31B52DCC}.Debug|x64.Build.0 = Debug|x64
		{61DF4146-B8AF-470E-A270-738B31B52DCC}.Debug|x86.ActiveCfg = Debug|Win32
		{61DF4146-B8AF-470E-A270-738B31B52DCC}.Debug|x86.Build.0 = Debug|Win32
		{61DF4146-B8AF-470E-A270-738B31B52DCC}.Release|x64.ActiveCfg = Release|x64
		{61DF4146-B8AF-470E-A270-738B31B52DCC}.Release|x64.Build.0 = Release|x64
		{61DF4146-B8AF-470E-A270-738B31B52DCC}.Release|x86.ActiveCfg = Release|Win32
		{61DF4146-B8AF-470E-A270-738B31B52DCC}.Release|x86.Build.0 = Release|Win32
		{FCB56B36-60A6-4D27-B59C-9414C22104C3}.Debug|x64.ActiveCfg = Debug|x64
		{FCB56B36-60A6-4D27-B59C-9414C22104C3}.Debug|x64.Build.0 = Debug|x64
		{FCB56B36-60A6-4D27-B59C-9414C22104C3}.Debug|x86.ActiveCfg = Debug|Win32
		{FCB56B36-60A6-4D27-B59C-9414C22104C3}.Debug|x86.Build.0 = Debug|Win32
		{FCB56B36-60A6-4D27-B59C-9414C22104C3}.Release|x64.ActiveCfg = Release|x64
		{FCB56B36-60A6-4D27-B59C-9414C22104C3}.Release|x64.Build.0 = Release|x64
		{FCB56B36-60A6-4D27-B59C-9414C22104C3}.Release|x86.ActiveCfg = Release|Win32
		{FCB56B36-60A6-4D27-B59C-9414C22104C3}.Release|x86.Build.0 = Release|Win32
		{BBB2C842-08C5-440E-88D4-4AFA5254B05C}.Debug|x64.ActiveCfg = Debug|x64
		{BBB2C842-08C5-440E-88D4-4AFA5254B05C}.Debug|x64.Build.0 = Debug|x64
		{BBB2C842-08C5-440E-88D4-4AFA5254B05C}.Debug|x86.ActiveCfg = Debug|Win32
		{BBB2C842-08C5-440E-88D4-4AFA5254B05C}.Debug|x86.Build.0 = Debug|Win32
		{BBB2C842-08C5-440E-88D4-4AFA5254B05C}.Release|x64.ActiveCfg = Release|x64
		{BBB2C842-08C5-440E-88D4-4AFA5254B05C}.Release|x64.Build.0 = Release|x64
		{BBB2C842-08C5-440E-88D4-4AFA5254B05C}.Release|x86.ActiveCfg = Release|Win32
		{BBB2C842-08C5-440E-88D4-4AFA5254B05C}.Release|x86.Build.0 = Release|Win32
		{300317C1-EA6B-4CFB-A05B-C5EB18F55F92}.Debug|x64.ActiveCfg = Debug|x64
		{300317C1-EA6B-4CFB-A05B-C5EB18F55F92}.Debug|x64.Build.0 = Debug|x64
		{300317C1-EA6B-4CFB-A05B-C5EB18F55F92}.Debug|x86.ActiveCfg = Debug|Win32
		{300317C1-EA6B-4CFB-A05B-C5EB18F55F92}.Debug|x86.Build.0 = Debug|Win32
		{300317C1-EA6B-4CFB-A05B-C5EB18F55F92}.Release|x64.ActiveCfg = Release|x64
		{300317C1-EA6B-4CFB-A05B-C5EB18F55F92}.Release|x64.Build.0 = Release|x64
		{300317C1-EA6B-4CFB-A05B-C5EB18F55F92}.Release|x86.ActiveCfg = Release|Win32
		{300317C1-EA6B-4CFB-A05B-C5EB18F55F92}.Release|x86.Build.0 = Release|Win32
		{D926B4A0-6D8B-4ADE-8EB1-3AFB28C2CFF8}.Debug|x64.ActiveCfg = Debug|x64
		{D926B4A0-6D8B-4ADE-8EB1-3AFB28C2CFF8}.Debug|x64.Build.0 = Debug|x64
		{D926B4A0-6D8B-4ADE-8EB1-3AFB28C2CFF8}.Debug|x86.ActiveCfg = Debug|Win32
		{D926B4A0-6D8B-4ADE-8EB1-3AFB28C2CFF8}.Debug|x86.Build.0 = Debug|Win32
		{D926B4A0-6D8B-4ADE-8EB1-3AFB28C2CFF8}.Release|x64.ActiveCfg = Release|x64
		{D926B4A0-6D8B-4ADE-8EB1-3AFB28C2CFF8}.Release|x64.Build.0 = Release|x64
		{D926B4A0-6D8B-4ADE-8EB1-3AFB28C2CFF8}.Release|x86.ActiveCfg = Release|Win32
		{D926B4A0-6D8B-4ADE-8EB1-3AFB28C2CFF8}.Release|x86.Build.0 = Release|Win32
		{30171AB4-A26C-4199-8684-34E72EF6B8A8}.Debug|x64.ActiveCfg = Debug|x64
		{30171AB4-A26C-4199-8684-34E72EF6B8A8}.Debug|x64.Build.0 = Debug|x64
		{30171AB4-A26C-4199-8684-34E72EF6B8A8}.Debug|x86.ActiveCfg = Debug|Win32
		{30171AB4-A26C-4199-8684-34E72EF6B8A8}.Debug|x86.Build.0 = Debug|Win32
		{30171AB4-A26C-4199-8684-34E72EF6B8A8}.Release|x64.ActiveCfg = Release|x64
		{30171AB4-A26C-4199-8684-34E72EF6B8A8}.Release|x64.Build.0 = Release|x64
		{30171AB4-A26C-4199-8684-34E72EF6B8A8}.Release|x86.ActiveCfg = Release|Win32
		{30171AB4-A26C-4199-8684-34E72EF6B8A8}.Release|x86.Build.0 = Release|Win32
		{4A16B376-8052-4EFE-A0AA-FB7DF334A21D}.Debug|x64.ActiveCfg = Debug|x64
		{4A16B376-8052-4EFE-A0AA-FB7DF334A21D}.Debug|x64.Build.0 = Debug|x64
		{4A16B376-8052-4EFE-A0AA-FB7DF334A21D}.Debug|x86.ActiveCfg = Debug|Win32
		{4A16B376-8052-4EFE-A0AA-FB7DF334A21D}.Debug|x86.Build.0 = Debug|Win32
		{4A16B376-8052-4EFE-A0AA-FB7DF334A21D}.Release|x64.ActiveCfg = Release|x64
		{4A16B376-8052-4EFE-A0AA-FB7DF334A21D}.Release|x64.Build.0 = Release|x64
		{4A16B376-8052-4EFE-A0AA-FB7DF334A21D}.Release|x86.ActiveCfg = Release|Win32
		{4A16B376-8052-4EFE-A0AA-FB7DF334A21D}.Release|x86.Build.0 = Release|Win32
	EndGlobalSection
	GlobalSection(SolutionProperties) = preSolution
		HideSolutionNode = FALSE
	EndGlobalSection
	GlobalSection(ExtensibilityGlobals) = postSolution
		SolutionGuid = {963D4A20-EC73-4477-8220-105BEE30DE74}
	EndGlobalSection
EndGlobal
